
Microsoft Visual Studio Solution File, Format Version 12.00
# Visual Studio Version 17
VisualStudioVersion = 17.14.36414.22 d17.14
MinimumVisualStudioVersion = 10.0.40219.1
Project("{FAE04EC0-301F-11D3-BF4B-00C04F79EFBC}") = "BankManagement", "BankManagement.csproj", "{895E0962-1C7F-4A9B-A741-CB10D912ABA1}"
EndProject
Global
	GlobalSection(SolutionConfigurationPlatforms) = preSolution
		Debug|Any CPU = Debug|Any CPU
		Release|Any CPU = Release|Any CPU
	EndGlobalSection
	GlobalSection(ProjectConfigurationPlatforms) = postSolution
		{895E0962-1C7F-4A9B-A741-CB10D912ABA1}.Debug|Any CPU.ActiveCfg = Debug|Any CPU
		{895E0962-1C7F-4A9B-A741-CB10D912ABA1}.Debug|Any CPU.Build.0 = Debug|Any CPU
		{895E0962-1C7F-4A9B-A741-CB10D912ABA1}.Release|Any CPU.ActiveCfg = Release|Any CPU
		{895E0962-1C7F-4A9B-A741-CB10D912ABA1}.Release|Any CPU.Build.0 = Release|Any CPU
	EndGlobalSection
	GlobalSection(SolutionProperties) = preSolution
		HideSolutionNode = FALSE
	EndGlobalSection
	GlobalSection(ExtensibilityGlobals) = postSolution
		SolutionGuid = {A05D3B78-ED0E-4208-BABF-497AC8C8E4A0}
	EndGlobalSection
EndGlobal
